Microsoft Visual Studio Solution File, Format Version 12.00
# Visual Studio Version 17
VisualStudioVersion = 17.5.2.0
MinimumVisualStudioVersion = 10.0.40219.1
Project("{FAE04EC0-301F-11D3-BF4B-00C04F79EFBC}") = "Projeto_Dotnet8", "Projeto_Dotnet8.csproj", "{01C8AABC-08C3-07AF-4BE8-F49370EE82C7}"
EndProject
Global
	GlobalSection(SolutionConfigurationPlatforms) = preSolution
		Debug|Any CPU = Debug|Any CPU
		Release|Any CPU = Release|Any CPU
	EndGlobalSection
	GlobalSection(ProjectConfigurationPlatforms) = postSolution
		{01C8AABC-08C3-07AF-4BE8-F49370EE82C7}.Debug|Any CPU.ActiveCfg = Debug|Any CPU
		{01C8AABC-08C3-07AF-4BE8-F49370EE82C7}.Debug|Any CPU.Build.0 = Debug|Any CPU
		{01C8AABC-08C3-07AF-4BE8-F49370EE82C7}.Release|Any CPU.ActiveCfg = Release|Any CPU
		{01C8AABC-08C3-07AF-4BE8-F49370EE82C7}.Release|Any CPU.Build.0 = Release|Any CPU
	EndGlobalSection
	GlobalSection(SolutionProperties) = preSolution
		HideSolutionNode = FALSE
	EndGlobalSection
	GlobalSection(ExtensibilityGlobals) = postSolution
		SolutionGuid = {E84201F3-DB26-4F8A-855C-72C0659094EC}
	EndGlobalSection
EndGlobal
